
using System;
using System.Collections.Generic;
using System.Linq;
using System.Text;
using System.Threading.Tasks;

namespace Homework2
{
    internal class Program
    {
        static void Main(string[] args)
        {
            string name;
            int age;
            string work;
            int numberFingers;
            char plus;
            string rightAnswer;

            Console.WriteLine("Добро пожаловать в лучший допросник, введите ваше имя: ");
            name = Convert.ToString(Console.ReadLine());

            Console.Write("Отлично " + name + " укажите ваш возраст: ");
            age = Convert.ToInt32(Console.ReadLine());

            Console.Write("Потрясающе!!! " + name + " укажите где вы работаете: ");
            work = Convert.ToString(Console.ReadLine());

            Console.Write("Круто " + name + "!!! А теперь укажите общие количество ваших пальцев: ");
            numberFingers = Convert.ToInt32(Console.ReadLine());

            Console.Write("Очень хорошо!!! " + name + " может подскажите правильный ответ на прошлое ДЗ? Это был 0 ??? ");
            rightAnswer  = Convert.ToString(Console.ReadLine());

            Console.WriteLine($"И того получилось что у вас примерно {numberFingers} пальцев в ваши {age} лет. И вы обязательно поставите гигантский плюс этому ДЗ");
            Console.WriteLine("Заранее спасибо за +");
            plus = char.Parse(Console.ReadLine());  
